<Solution>
  <Folder Name="/src/">
    <Project Path="src/Todo.Api/Todo.Api.csproj" />
    <Project Path="src/Todo.Application/Todo.Application.csproj" />
    <Project Path="src/Todo.Domain/Todo.Domain.csproj" />
    <Project Path="src/Todo.Infrastructure/Todo.Infrastructure.csproj" />
  </Folder>
  <Folder Name="/tests/">
    <Project Path="tests/Todo.Tests/Todo.Tests.csproj" />
  </Folder>
</Solution>
